
Microsoft Visual Studio Solution File, Format Version 12.00
# Visual Studio Version 17
VisualStudioVersion = 17.14.36301.6
MinimumVisualStudioVersion = 10.0.40219.1
Project("{FAE04EC0-301F-11D3-BF4B-00C04F79EFBC}") = "SkillTrackPro", "SkillTrackPro\SkillTrackPro.csproj", "{5D642A50-CF12-4BE9-A165-EBC48DD390B0}"
EndProject
Project("{FAE04EC0-301F-11D3-BF4B-00C04F79EFBC}") = "Domain", "Domain\Domain.csproj", "{B2EFD831-A79C-465E-94DC-365BF7F1B03E}"
EndProject
Global
	GlobalSection(SolutionConfigurationPlatforms) = preSolution
		Debug|Any CPU = Debug|Any CPU
		Release|Any CPU = Release|Any CPU
	EndGlobalSection
	GlobalSection(ProjectConfigurationPlatforms) = postSolution
		{5D642A50-CF12-4BE9-A165-EBC48DD390B0}.Debug|Any CPU.ActiveCfg = Debug|Any CPU
		{5D642A50-CF12-4BE9-A165-EBC48DD390B0}.Debug|Any CPU.Build.0 = Debug|Any CPU
		{5D642A50-CF12-4BE9-A165-EBC48DD390B0}.Release|Any CPU.ActiveCfg = Release|Any CPU
		{5D642A50-CF12-4BE9-A165-EBC48DD390B0}.Release|Any CPU.Build.0 = Release|Any CPU
		{B2EFD831-A79C-465E-94DC-365BF7F1B03E}.Debug|Any CPU.ActiveCfg = Debug|Any CPU
		{B2EFD831-A79C-465E-94DC-365BF7F1B03E}.Debug|Any CPU.Build.0 = Debug|Any CPU
		{B2EFD831-A79C-465E-94DC-365BF7F1B03E}.Release|Any CPU.ActiveCfg = Release|Any CPU
		{B2EFD831-A79C-465E-94DC-365BF7F1B03E}.Release|Any CPU.Build.0 = Release|Any CPU
	EndGlobalSection
	GlobalSection(SolutionProperties) = preSolution
		HideSolutionNode = FALSE
	EndGlobalSection
	GlobalSection(ExtensibilityGlobals) = postSolution
		SolutionGuid = {E44D3357-7F79-4FF2-81A8-9739B0DD46DF}
	EndGlobalSection
EndGlobal
